
Microsoft Visual Studio Solution File, Format Version 12.00
# Visual Studio Version 17
VisualStudioVersion = 17.4.33205.214
MinimumVisualStudioVersion = 10.0.40219.1
Project("{9A19103F-16F7-4668-BE54-9A1E7A4F7556}") = "Nameserver", "ConsoleApp1\Nameserver.csproj", "{7E95E800-B9C6-4EC1-9D46-F5827F78DDCF}"
EndProject
Project("{2150E333-8FDC-42A3-9474-1A3956D46DE8}") = "Solution Items", "Solution Items", "{87FDF5D7-7D03-4397-8E34-162ACF69C03B}"
	ProjectSection(SolutionItems) = preProject
		settings.txt = settings.txt
	EndProjectSection
EndProject
Global
	GlobalSection(SolutionConfigurationPlatforms) = preSolution
		Debug|Any CPU = Debug|Any CPU
		Release|Any CPU = Release|Any CPU
	EndGlobalSection
	GlobalSection(ProjectConfigurationPlatforms) = postSolution
		{7E95E800-B9C6-4EC1-9D46-F5827F78DDCF}.Debug|Any CPU.ActiveCfg = Debug|Any CPU
		{7E95E800-B9C6-4EC1-9D46-F5827F78DDCF}.Debug|Any CPU.Build.0 = Debug|Any CPU
		{7E95E800-B9C6-4EC1-9D46-F5827F78DDCF}.Release|Any CPU.ActiveCfg = Release|Any CPU
		{7E95E800-B9C6-4EC1-9D46-F5827F78DDCF}.Release|Any CPU.Build.0 = Release|Any CPU
	EndGlobalSection
	GlobalSection(SolutionProperties) = preSolution
		HideSolutionNode = FALSE
	EndGlobalSection
	GlobalSection(ExtensibilityGlobals) = postSolution
		SolutionGuid = {F9F5FF9C-8007-4705-B9D6-A7D69F0C0EC7}
	EndGlobalSection
EndGlobal
